{
    "name": "@prezly/slate-lists",
    "version": "0.4.1",
    "lockfileVersion": 2,
    "requires": true,
    "packages": {
        "": {
            "name": "@prezly/slate-lists",
            "version": "0.4.1",
            "license": "MIT",
            "dependencies": {
                "@prezly/slate-commons": "^0.4.1",
                "@prezly/slate-types": "^0.4.1",
                "uuid": "^8.3.2"
            },
            "devDependencies": {
                "@prezly/slate-hyperscript": "^0.4.1",
                "@types/uuid": "^8.3.0",
                "typescript": "^4.4.4"
            },
            "peerDependencies": {
                "react": "*",
                "slate": "~0.70.0",
                "slate-react": "~0.70.0"
            }
        },
        "node_modules/@prezly/progress-promise": {
            "version": "1.0.0",
            "resolved": "https://registry.npmjs.org/@prezly/progress-promise/-/progress-promise-1.0.0.tgz",
            "integrity": "sha512-/+NeQ235i+AaVcWA/shVK8G5cGo/3xT8gQD4oS9lzokLfXrpV8l9Nr8HShroX4cyTmnwtWjIH5/p9IGHj4aUkQ==",
            "dependencies": {
                "lodash.clamp": "^4.0.3",
                "lodash.identity": "^3.0.0"
            }
        },
        "node_modules/@prezly/sdk": {
            "version": "6.1.0",
            "resolved": "https://registry.npmjs.org/@prezly/sdk/-/sdk-6.1.0.tgz",
            "integrity": "sha512-xXd5UHwi10u0HaN2c9odZJuuEWSRf3q7Izv2M1+zSR0hdBjJU5MiXl1xchBXPwm0ozWu3UWsPrFOdhTGeLWSrA==",
            "dependencies": {
                "@prezly/progress-promise": "^1.0.0",
                "@prezly/uploads": "^0.2.1",
                "query-string": "^6.9.0"
            },
            "engines": {
                "node": ">= 8.16.0"
            }
        },
        "node_modules/@prezly/slate-commons": {
            "version": "0.4.1",
            "resolved": "https://registry.npmjs.org/@prezly/slate-commons/-/slate-commons-0.4.1.tgz",
            "integrity": "sha512-WXYg7J1VrYcsVA4KV2XcuVHbs245kDviTq+deSA5MBNsMXxxSpdO9Ta7yxc0W4Pr211QPcKKcTTnZChrPRt6jA==",
            "dependencies": {
                "@prezly/slate-types": "^0.4.1",
                "uuid": "^8.3.2"
            },
            "peerDependencies": {
                "react": "*",
                "slate": "~0.70.0",
                "slate-history": "~0.66.0",
                "slate-react": "~0.70.0"
            }
        },
        "node_modules/@prezly/slate-hyperscript": {
            "version": "0.4.1",
            "resolved": "https://registry.npmjs.org/@prezly/slate-hyperscript/-/slate-hyperscript-0.4.1.tgz",
            "integrity": "sha512-QG1vhcg1dCC/H4y9cuzaJ/uos5wogBousfgzqIly4TtuMb+YRq7hhF1OplOuxz+ZrNdBeffRDLoy3SVRjHoBEw==",
            "dev": true,
            "dependencies": {
                "is-plain-object": "^5.0.0"
            },
            "peerDependencies": {
                "react": "*",
                "slate": "~0.70.0"
            }
        },
        "node_modules/@prezly/slate-types": {
            "version": "0.4.1",
            "resolved": "https://registry.npmjs.org/@prezly/slate-types/-/slate-types-0.4.1.tgz",
            "integrity": "sha512-Uq0OpbPWiOnGe78Eehts7+r2FF+Xo5gbBGcIh85i+DOKv08rKS0q/4EKLL1ea240oZ1Ps6tXD+nvJJLDTgx2ug==",
            "dependencies": {
                "@prezly/sdk": "^6.0",
                "@prezly/uploads": "^0.2.0",
                "is-plain-object": "^5.0.0"
            },
            "peerDependencies": {
                "slate": "~0.70.0"
            }
        },
        "node_modules/@prezly/uploads": {
            "version": "0.2.1",
            "resolved": "https://registry.npmjs.org/@prezly/uploads/-/uploads-0.2.1.tgz",
            "integrity": "sha512-G4U0H89YSp/krcIjSSuZDqCZ2NeE4qQkFjY0yf7vkOf0IuRjpTfLb9Jr8uaOYFpql2ln8XINBPSFZWImThcB8g==",
            "dependencies": {
                "is-plain-object": "^5.0.0"
            }
        },
        "node_modules/@types/is-hotkey": {
            "version": "0.1.5",
            "resolved": "https://registry.npmjs.org/@types/is-hotkey/-/is-hotkey-0.1.5.tgz",
            "integrity": "sha512-pZTb6AsG7I56FJgYA8Cbit3cB3NGVwyHgwyUCENjXewTQChOtQaxaV+u6BO4hqtS1o9KT1wML+NRkGhQZ6swtA==",
            "peer": true
        },
        "node_modules/@types/lodash": {
            "version": "4.14.177",
            "resolved": "https://registry.npmjs.org/@types/lodash/-/lodash-4.14.177.tgz",
            "integrity": "sha512-0fDwydE2clKe9MNfvXHBHF9WEahRuj+msTuQqOmAApNORFvhMYZKNGGJdCzuhheVjMps/ti0Ak/iJPACMaevvw==",
            "peer": true
        },
        "node_modules/@types/uuid": {
            "version": "8.3.1",
            "resolved": "https://registry.npmjs.org/@types/uuid/-/uuid-8.3.1.tgz",
            "integrity": "sha512-Y2mHTRAbqfFkpjldbkHGY8JIzRN6XqYRliG8/24FcHm2D2PwW24fl5xMRTVGdrb7iMrwCaIEbLWerGIkXuFWVg==",
            "dev": true
        },
        "node_modules/compute-scroll-into-view": {
            "version": "1.0.17",
            "resolved": "https://registry.npmjs.org/compute-scroll-into-view/-/compute-scroll-into-view-1.0.17.tgz",
            "integrity": "sha512-j4dx+Fb0URmzbwwMUrhqWM2BEWHdFGx+qZ9qqASHRPqvTYdqvWnHg0H1hIbcyLnvgnoNAVMlwkepyqM3DaIFUg==",
            "peer": true
        },
        "node_modules/decode-uri-component": {
            "version": "0.2.0",
            "resolved": "https://registry.npmjs.org/decode-uri-component/-/decode-uri-component-0.2.0.tgz",
            "integrity": "sha1-6zkTMzRYd1y4TNGh+uBiEGu4dUU=",
            "engines": {
                "node": ">=0.10"
            }
        },
        "node_modules/direction": {
            "version": "1.0.4",
            "resolved": "https://registry.npmjs.org/direction/-/direction-1.0.4.tgz",
            "integrity": "sha512-GYqKi1aH7PJXxdhTeZBFrg8vUBeKXi+cNprXsC1kpJcbcVnV9wBsrOu1cQEdG0WeQwlfHiy3XvnKfIrJ2R0NzQ==",
            "peer": true,
            "bin": {
                "direction": "cli.js"
            },
            "funding": {
                "type": "github",
                "url": "https://github.com/sponsors/wooorm"
            }
        },
        "node_modules/filter-obj": {
            "version": "1.1.0",
            "resolved": "https://registry.npmjs.org/filter-obj/-/filter-obj-1.1.0.tgz",
            "integrity": "sha1-mzERErxsYSehbgFsbF1/GeCAXFs=",
            "engines": {
                "node": ">=0.10.0"
            }
        },
        "node_modules/immer": {
            "version": "9.0.6",
            "resolved": "https://registry.npmjs.org/immer/-/immer-9.0.6.tgz",
            "integrity": "sha512-G95ivKpy+EvVAnAab4fVa4YGYn24J1SpEktnJX7JJ45Bd7xqME/SCplFzYFmTbrkwZbQ4xJK1xMTUYBkN6pWsQ==",
            "peer": true,
            "funding": {
                "type": "opencollective",
                "url": "https://opencollective.com/immer"
            }
        },
        "node_modules/is-hotkey": {
            "version": "0.1.8",
            "resolved": "https://registry.npmjs.org/is-hotkey/-/is-hotkey-0.1.8.tgz",
            "integrity": "sha512-qs3NZ1INIS+H+yeo7cD9pDfwYV/jqRh1JG9S9zYrNudkoUQg7OL7ziXqRKu+InFjUIDoP2o6HIkLYMh1pcWgyQ==",
            "peer": true
        },
        "node_modules/is-plain-object": {
            "version": "5.0.0",
            "resolved": "https://registry.npmjs.org/is-plain-object/-/is-plain-object-5.0.0.tgz",
            "integrity": "sha512-VRSzKkbMm5jMDoKLbltAkFQ5Qr7VDiTFGXxYFXXowVj387GeGNOCsOH6Msy00SGZ3Fp84b1Naa1psqgcCIEP5Q==",
            "engines": {
                "node": ">=0.10.0"
            }
        },
        "node_modules/js-tokens": {
            "version": "4.0.0",
            "resolved": "https://registry.npmjs.org/js-tokens/-/js-tokens-4.0.0.tgz",
            "integrity": "sha512-RdJUflcE3cUzKiMqQgsCu06FPu9UdIJO0beYbPhHN4k6apgJtifcoCtT9bcxOpYBtpD2kCM6Sbzg4CausW/PKQ==",
            "peer": true
        },
        "node_modules/lodash": {
            "version": "4.17.21",
            "resolved": "https://registry.npmjs.org/lodash/-/lodash-4.17.21.tgz",
            "integrity": "sha512-v2kDEe57lecTulaDIuNTPy3Ry4gLGJ6Z1O3vE1krgXZNrsQ+LFTGHVxVjcXPs17LhbZVGedAJv8XZ1tvj5FvSg==",
            "peer": true
        },
        "node_modules/lodash.clamp": {
            "version": "4.0.3",
            "resolved": "https://registry.npmjs.org/lodash.clamp/-/lodash.clamp-4.0.3.tgz",
            "integrity": "sha1-XCS+3u7vB1NWDcK0y0Zx+Qpt36o="
        },
        "node_modules/lodash.identity": {
            "version": "3.0.0",
            "resolved": "https://registry.npmjs.org/lodash.identity/-/lodash.identity-3.0.0.tgz",
            "integrity": "sha1-rXvGpOZH15yXLhuA/u968VYmeHY="
        },
        "node_modules/loose-envify": {
            "version": "1.4.0",
            "resolved": "https://registry.npmjs.org/loose-envify/-/loose-envify-1.4.0.tgz",
            "integrity": "sha512-lyuxPGr/Wfhrlem2CL/UcnUc1zcqKAImBDzukY7Y5F/yQiNdko6+fRLevlw1HgMySw7f611UIY408EtxRSoK3Q==",
            "peer": true,
            "dependencies": {
                "js-tokens": "^3.0.0 || ^4.0.0"
            },
            "bin": {
                "loose-envify": "cli.js"
            }
        },
        "node_modules/object-assign": {
            "version": "4.1.1",
            "resolved": "https://registry.npmjs.org/object-assign/-/object-assign-4.1.1.tgz",
            "integrity": "sha1-IQmtx5ZYh8/AXLvUQsrIv7s2CGM=",
            "peer": true,
            "engines": {
                "node": ">=0.10.0"
            }
        },
        "node_modules/query-string": {
            "version": "6.14.1",
            "resolved": "https://registry.npmjs.org/query-string/-/query-string-6.14.1.tgz",
            "integrity": "sha512-XDxAeVmpfu1/6IjyT/gXHOl+S0vQ9owggJ30hhWKdHAsNPOcasn5o9BW0eejZqL2e4vMjhAxoW3jVHcD6mbcYw==",
            "dependencies": {
                "decode-uri-component": "^0.2.0",
                "filter-obj": "^1.1.0",
                "split-on-first": "^1.0.0",
                "strict-uri-encode": "^2.0.0"
            },
            "engines": {
                "node": ">=6"
            },
            "funding": {
                "url": "https://github.com/sponsors/sindresorhus"
            }
        },
        "node_modules/react": {
            "version": "17.0.2",
            "resolved": "https://registry.npmjs.org/react/-/react-17.0.2.tgz",
            "integrity": "sha512-gnhPt75i/dq/z3/6q/0asP78D0u592D5L1pd7M8P+dck6Fu/jJeL6iVVK23fptSUZj8Vjf++7wXA8UNclGQcbA==",
            "peer": true,
            "dependencies": {
                "loose-envify": "^1.1.0",
                "object-assign": "^4.1.1"
            },
            "engines": {
                "node": ">=0.10.0"
            }
        },
        "node_modules/react-dom": {
            "version": "17.0.2",
            "resolved": "https://registry.npmjs.org/react-dom/-/react-dom-17.0.2.tgz",
            "integrity": "sha512-s4h96KtLDUQlsENhMn1ar8t2bEa+q/YAtj8pPPdIjPDGBDIVNsrD9aXNWqspUe6AzKCIG0C1HZZLqLV7qpOBGA==",
            "peer": true,
            "dependencies": {
                "loose-envify": "^1.1.0",
                "object-assign": "^4.1.1",
                "scheduler": "^0.20.2"
            },
            "peerDependencies": {
                "react": "17.0.2"
            }
        },
        "node_modules/scheduler": {
            "version": "0.20.2",
            "resolved": "https://registry.npmjs.org/scheduler/-/scheduler-0.20.2.tgz",
            "integrity": "sha512-2eWfGgAqqWFGqtdMmcL5zCMK1U8KlXv8SQFGglL3CEtd0aDVDWgeF/YoCmvln55m5zSk3J/20hTaSBeSObsQDQ==",
            "peer": true,
            "dependencies": {
                "loose-envify": "^1.1.0",
                "object-assign": "^4.1.1"
            }
        },
        "node_modules/scroll-into-view-if-needed": {
            "version": "2.2.28",
            "resolved": "https://registry.npmjs.org/scroll-into-view-if-needed/-/scroll-into-view-if-needed-2.2.28.tgz",
            "integrity": "sha512-8LuxJSuFVc92+0AdNv4QOxRL4Abeo1DgLnGNkn1XlaujPH/3cCFz3QI60r2VNu4obJJROzgnIUw5TKQkZvZI1w==",
            "peer": true,
            "dependencies": {
                "compute-scroll-into-view": "^1.0.17"
            }
        },
        "node_modules/slate": {
            "version": "0.70.0",
            "resolved": "https://registry.npmjs.org/slate/-/slate-0.70.0.tgz",
            "integrity": "sha512-mLBr20GW8VX0vWZBXv/DGz6Mj2wMHvlFld6NK+9wfMqjO9L/E5TuY6ytC30GGQSAHJAoVVmYYSpqwkwjbexMRQ==",
            "peer": true,
            "dependencies": {
                "immer": "^9.0.6",
                "is-plain-object": "^5.0.0",
                "tiny-warning": "^1.0.3"
            }
        },
        "node_modules/slate-history": {
            "version": "0.66.0",
            "resolved": "https://registry.npmjs.org/slate-history/-/slate-history-0.66.0.tgz",
            "integrity": "sha512-6MWpxGQZiMvSINlCbMW43E2YBSVMCMCIwQfBzGssjWw4kb0qfvj0pIdblWNRQZD0hR6WHP+dHHgGSeVdMWzfng==",
            "peer": true,
            "dependencies": {
                "is-plain-object": "^5.0.0"
            },
            "peerDependencies": {
                "slate": ">=0.65.3"
            }
        },
        "node_modules/slate-react": {
            "version": "0.70.0",
            "resolved": "https://registry.npmjs.org/slate-react/-/slate-react-0.70.0.tgz",
            "integrity": "sha512-7txteUdJZL46R7jaPzXiv9vN9/8ATPQtwf7irRb6/BclPwJ5kmg9Q35Rn2ETlWJCRX84eVtLTPX8u7p5kKwHkA==",
            "peer": true,
            "dependencies": {
                "@types/is-hotkey": "^0.1.1",
                "@types/lodash": "^4.14.149",
                "direction": "^1.0.3",
                "is-hotkey": "^0.1.6",
                "is-plain-object": "^5.0.0",
                "lodash": "^4.17.4",
                "scroll-into-view-if-needed": "^2.2.20",
                "tiny-invariant": "1.0.6"
            },
            "peerDependencies": {
                "react": ">=16.8.0",
                "react-dom": ">=16.8.0",
                "slate": ">=0.65.3"
            }
        },
        "node_modules/split-on-first": {
            "version": "1.1.0",
            "resolved": "https://registry.npmjs.org/split-on-first/-/split-on-first-1.1.0.tgz",
            "integrity": "sha512-43ZssAJaMusuKWL8sKUBQXHWOpq8d6CfN/u1p4gUzfJkM05C8rxTmYrkIPTXapZpORA6LkkzcUulJ8FqA7Uudw==",
            "engines": {
                "node": ">=6"
            }
        },
        "node_modules/strict-uri-encode": {
            "version": "2.0.0",
            "resolved": "https://registry.npmjs.org/strict-uri-encode/-/strict-uri-encode-2.0.0.tgz",
            "integrity": "sha1-ucczDHBChi9rFC3CdLvMWGbONUY=",
            "engines": {
                "node": ">=4"
            }
        },
        "node_modules/tiny-invariant": {
            "version": "1.0.6",
            "resolved": "https://registry.npmjs.org/tiny-invariant/-/tiny-invariant-1.0.6.tgz",
            "integrity": "sha512-FOyLWWVjG+aC0UqG76V53yAWdXfH8bO6FNmyZOuUrzDzK8DI3/JRY25UD7+g49JWM1LXwymsKERB+DzI0dTEQA==",
            "peer": true
        },
        "node_modules/tiny-warning": {
            "version": "1.0.3",
            "resolved": "https://registry.npmjs.org/tiny-warning/-/tiny-warning-1.0.3.tgz",
            "integrity": "sha512-lBN9zLN/oAf68o3zNXYrdCt1kP8WsiGW8Oo2ka41b2IM5JL/S1CTyX1rW0mb/zSuJun0ZUrDxx4sqvYS2FWzPA==",
            "peer": true
        },
        "node_modules/typescript": {
            "version": "4.4.4",
            "resolved": "https://registry.npmjs.org/typescript/-/typescript-4.4.4.tgz",
            "integrity": "sha512-DqGhF5IKoBl8WNf8C1gu8q0xZSInh9j1kJJMqT3a94w1JzVaBU4EXOSMrz9yDqMT0xt3selp83fuFMQ0uzv6qA==",
            "dev": true,
            "bin": {
                "tsc": "bin/tsc",
                "tsserver": "bin/tsserver"
            },
            "engines": {
                "node": ">=4.2.0"
            }
        },
        "node_modules/uuid": {
            "version": "8.3.2",
            "resolved": "https://registry.npmjs.org/uuid/-/uuid-8.3.2.tgz",
            "integrity": "sha512-+NYs2QeMWy+GWFOEm9xnn6HCDp0l7QBD7ml8zLUmJ+93Q5NF0NocErnwkTkXVFNiX3/fpC6afS8Dhb/gz7R7eg==",
            "bin": {
                "uuid": "dist/bin/uuid"
            }
        }
    },
    "dependencies": {
        "@prezly/progress-promise": {
            "version": "1.0.0",
            "resolved": "https://registry.npmjs.org/@prezly/progress-promise/-/progress-promise-1.0.0.tgz",
            "integrity": "sha512-/+NeQ235i+AaVcWA/shVK8G5cGo/3xT8gQD4oS9lzokLfXrpV8l9Nr8HShroX4cyTmnwtWjIH5/p9IGHj4aUkQ==",
            "requires": {
                "lodash.clamp": "^4.0.3",
                "lodash.identity": "^3.0.0"
            }
        },
        "@prezly/sdk": {
            "version": "6.1.0",
            "resolved": "https://registry.npmjs.org/@prezly/sdk/-/sdk-6.1.0.tgz",
            "integrity": "sha512-xXd5UHwi10u0HaN2c9odZJuuEWSRf3q7Izv2M1+zSR0hdBjJU5MiXl1xchBXPwm0ozWu3UWsPrFOdhTGeLWSrA==",
            "requires": {
                "@prezly/progress-promise": "^1.0.0",
                "@prezly/uploads": "^0.2.1",
                "query-string": "^6.9.0"
            }
        },
        "@prezly/slate-commons": {
            "version": "0.4.1",
            "resolved": "https://registry.npmjs.org/@prezly/slate-commons/-/slate-commons-0.4.1.tgz",
            "integrity": "sha512-WXYg7J1VrYcsVA4KV2XcuVHbs245kDviTq+deSA5MBNsMXxxSpdO9Ta7yxc0W4Pr211QPcKKcTTnZChrPRt6jA==",
            "requires": {
                "@prezly/slate-types": "^0.4.1",
                "uuid": "^8.3.2"
            }
        },
        "@prezly/slate-hyperscript": {
            "version": "0.4.1",
            "resolved": "https://registry.npmjs.org/@prezly/slate-hyperscript/-/slate-hyperscript-0.4.1.tgz",
            "integrity": "sha512-QG1vhcg1dCC/H4y9cuzaJ/uos5wogBousfgzqIly4TtuMb+YRq7hhF1OplOuxz+ZrNdBeffRDLoy3SVRjHoBEw==",
            "dev": true,
            "requires": {
                "is-plain-object": "^5.0.0"
            }
        },
        "@prezly/slate-types": {
            "version": "0.4.1",
            "resolved": "https://registry.npmjs.org/@prezly/slate-types/-/slate-types-0.4.1.tgz",
            "integrity": "sha512-Uq0OpbPWiOnGe78Eehts7+r2FF+Xo5gbBGcIh85i+DOKv08rKS0q/4EKLL1ea240oZ1Ps6tXD+nvJJLDTgx2ug==",
            "requires": {
                "@prezly/sdk": "^6.0",
                "@prezly/uploads": "^0.2.0",
                "is-plain-object": "^5.0.0"
            }
        },
        "@prezly/uploads": {
            "version": "0.2.1",
            "resolved": "https://registry.npmjs.org/@prezly/uploads/-/uploads-0.2.1.tgz",
            "integrity": "sha512-G4U0H89YSp/krcIjSSuZDqCZ2NeE4qQkFjY0yf7vkOf0IuRjpTfLb9Jr8uaOYFpql2ln8XINBPSFZWImThcB8g==",
            "requires": {
                "is-plain-object": "^5.0.0"
            }
        },
        "@types/is-hotkey": {
            "version": "0.1.5",
            "resolved": "https://registry.npmjs.org/@types/is-hotkey/-/is-hotkey-0.1.5.tgz",
            "integrity": "sha512-pZTb6AsG7I56FJgYA8Cbit3cB3NGVwyHgwyUCENjXewTQChOtQaxaV+u6BO4hqtS1o9KT1wML+NRkGhQZ6swtA==",
            "peer": true
        },
        "@types/lodash": {
            "version": "4.14.177",
            "resolved": "https://registry.npmjs.org/@types/lodash/-/lodash-4.14.177.tgz",
            "integrity": "sha512-0fDwydE2clKe9MNfvXHBHF9WEahRuj+msTuQqOmAApNORFvhMYZKNGGJdCzuhheVjMps/ti0Ak/iJPACMaevvw==",
            "peer": true
        },
        "@types/uuid": {
            "version": "8.3.1",
            "resolved": "https://registry.npmjs.org/@types/uuid/-/uuid-8.3.1.tgz",
            "integrity": "sha512-Y2mHTRAbqfFkpjldbkHGY8JIzRN6XqYRliG8/24FcHm2D2PwW24fl5xMRTVGdrb7iMrwCaIEbLWerGIkXuFWVg==",
            "dev": true
        },
        "compute-scroll-into-view": {
            "version": "1.0.17",
            "resolved": "https://registry.npmjs.org/compute-scroll-into-view/-/compute-scroll-into-view-1.0.17.tgz",
            "integrity": "sha512-j4dx+Fb0URmzbwwMUrhqWM2BEWHdFGx+qZ9qqASHRPqvTYdqvWnHg0H1hIbcyLnvgnoNAVMlwkepyqM3DaIFUg==",
            "peer": true
        },
        "decode-uri-component": {
            "version": "0.2.0",
            "resolved": "https://registry.npmjs.org/decode-uri-component/-/decode-uri-component-0.2.0.tgz",
            "integrity": "sha1-6zkTMzRYd1y4TNGh+uBiEGu4dUU="
        },
        "direction": {
            "version": "1.0.4",
            "resolved": "https://registry.npmjs.org/direction/-/direction-1.0.4.tgz",
            "integrity": "sha512-GYqKi1aH7PJXxdhTeZBFrg8vUBeKXi+cNprXsC1kpJcbcVnV9wBsrOu1cQEdG0WeQwlfHiy3XvnKfIrJ2R0NzQ==",
            "peer": true
        },
        "filter-obj": {
            "version": "1.1.0",
            "resolved": "https://registry.npmjs.org/filter-obj/-/filter-obj-1.1.0.tgz",
            "integrity": "sha1-mzERErxsYSehbgFsbF1/GeCAXFs="
        },
        "immer": {
            "version": "9.0.6",
            "resolved": "https://registry.npmjs.org/immer/-/immer-9.0.6.tgz",
            "integrity": "sha512-G95ivKpy+EvVAnAab4fVa4YGYn24J1SpEktnJX7JJ45Bd7xqME/SCplFzYFmTbrkwZbQ4xJK1xMTUYBkN6pWsQ==",
            "peer": true
        },
        "is-hotkey": {
            "version": "0.1.8",
            "resolved": "https://registry.npmjs.org/is-hotkey/-/is-hotkey-0.1.8.tgz",
            "integrity": "sha512-qs3NZ1INIS+H+yeo7cD9pDfwYV/jqRh1JG9S9zYrNudkoUQg7OL7ziXqRKu+InFjUIDoP2o6HIkLYMh1pcWgyQ==",
            "peer": true
        },
        "is-plain-object": {
            "version": "5.0.0",
            "resolved": "https://registry.npmjs.org/is-plain-object/-/is-plain-object-5.0.0.tgz",
            "integrity": "sha512-VRSzKkbMm5jMDoKLbltAkFQ5Qr7VDiTFGXxYFXXowVj387GeGNOCsOH6Msy00SGZ3Fp84b1Naa1psqgcCIEP5Q=="
        },
        "js-tokens": {
            "version": "4.0.0",
            "resolved": "https://registry.npmjs.org/js-tokens/-/js-tokens-4.0.0.tgz",
            "integrity": "sha512-RdJUflcE3cUzKiMqQgsCu06FPu9UdIJO0beYbPhHN4k6apgJtifcoCtT9bcxOpYBtpD2kCM6Sbzg4CausW/PKQ==",
            "peer": true
        },
        "lodash": {
            "version": "4.17.21",
            "resolved": "https://registry.npmjs.org/lodash/-/lodash-4.17.21.tgz",
            "integrity": "sha512-v2kDEe57lecTulaDIuNTPy3Ry4gLGJ6Z1O3vE1krgXZNrsQ+LFTGHVxVjcXPs17LhbZVGedAJv8XZ1tvj5FvSg==",
            "peer": true
        },
        "lodash.clamp": {
            "version": "4.0.3",
            "resolved": "https://registry.npmjs.org/lodash.clamp/-/lodash.clamp-4.0.3.tgz",
            "integrity": "sha1-XCS+3u7vB1NWDcK0y0Zx+Qpt36o="
        },
        "lodash.identity": {
            "version": "3.0.0",
            "resolved": "https://registry.npmjs.org/lodash.identity/-/lodash.identity-3.0.0.tgz",
            "integrity": "sha1-rXvGpOZH15yXLhuA/u968VYmeHY="
        },
        "loose-envify": {
            "version": "1.4.0",
            "resolved": "https://registry.npmjs.org/loose-envify/-/loose-envify-1.4.0.tgz",
            "integrity": "sha512-lyuxPGr/Wfhrlem2CL/UcnUc1zcqKAImBDzukY7Y5F/yQiNdko6+fRLevlw1HgMySw7f611UIY408EtxRSoK3Q==",
            "peer": true,
            "requires": {
                "js-tokens": "^3.0.0 || ^4.0.0"
            }
        },
        "object-assign": {
            "version": "4.1.1",
            "resolved": "https://registry.npmjs.org/object-assign/-/object-assign-4.1.1.tgz",
            "integrity": "sha1-IQmtx5ZYh8/AXLvUQsrIv7s2CGM=",
            "peer": true
        },
        "query-string": {
            "version": "6.14.1",
            "resolved": "https://registry.npmjs.org/query-string/-/query-string-6.14.1.tgz",
            "integrity": "sha512-XDxAeVmpfu1/6IjyT/gXHOl+S0vQ9owggJ30hhWKdHAsNPOcasn5o9BW0eejZqL2e4vMjhAxoW3jVHcD6mbcYw==",
            "requires": {
                "decode-uri-component": "^0.2.0",
                "filter-obj": "^1.1.0",
                "split-on-first": "^1.0.0",
                "strict-uri-encode": "^2.0.0"
            }
        },
        "react": {
            "version": "17.0.2",
            "resolved": "https://registry.npmjs.org/react/-/react-17.0.2.tgz",
            "integrity": "sha512-gnhPt75i/dq/z3/6q/0asP78D0u592D5L1pd7M8P+dck6Fu/jJeL6iVVK23fptSUZj8Vjf++7wXA8UNclGQcbA==",
            "peer": true,
            "requires": {
                "loose-envify": "^1.1.0",
                "object-assign": "^4.1.1"
            }
        },
        "react-dom": {
            "version": "17.0.2",
            "resolved": "https://registry.npmjs.org/react-dom/-/react-dom-17.0.2.tgz",
            "integrity": "sha512-s4h96KtLDUQlsENhMn1ar8t2bEa+q/YAtj8pPPdIjPDGBDIVNsrD9aXNWqspUe6AzKCIG0C1HZZLqLV7qpOBGA==",
            "peer": true,
            "requires": {
                "loose-envify": "^1.1.0",
                "object-assign": "^4.1.1",
                "scheduler": "^0.20.2"
            }
        },
        "scheduler": {
            "version": "0.20.2",
            "resolved": "https://registry.npmjs.org/scheduler/-/scheduler-0.20.2.tgz",
            "integrity": "sha512-2eWfGgAqqWFGqtdMmcL5zCMK1U8KlXv8SQFGglL3CEtd0aDVDWgeF/YoCmvln55m5zSk3J/20hTaSBeSObsQDQ==",
            "peer": true,
            "requires": {
                "loose-envify": "^1.1.0",
                "object-assign": "^4.1.1"
            }
        },
        "scroll-into-view-if-needed": {
            "version": "2.2.28",
            "resolved": "https://registry.npmjs.org/scroll-into-view-if-needed/-/scroll-into-view-if-needed-2.2.28.tgz",
            "integrity": "sha512-8LuxJSuFVc92+0AdNv4QOxRL4Abeo1DgLnGNkn1XlaujPH/3cCFz3QI60r2VNu4obJJROzgnIUw5TKQkZvZI1w==",
            "peer": true,
            "requires": {
                "compute-scroll-into-view": "^1.0.17"
            }
        },
        "slate": {
            "version": "0.70.0",
            "resolved": "https://registry.npmjs.org/slate/-/slate-0.70.0.tgz",
            "integrity": "sha512-mLBr20GW8VX0vWZBXv/DGz6Mj2wMHvlFld6NK+9wfMqjO9L/E5TuY6ytC30GGQSAHJAoVVmYYSpqwkwjbexMRQ==",
            "peer": true,
            "requires": {
                "immer": "^9.0.6",
                "is-plain-object": "^5.0.0",
                "tiny-warning": "^1.0.3"
            }
        },
        "slate-history": {
            "version": "0.66.0",
            "resolved": "https://registry.npmjs.org/slate-history/-/slate-history-0.66.0.tgz",
            "integrity": "sha512-6MWpxGQZiMvSINlCbMW43E2YBSVMCMCIwQfBzGssjWw4kb0qfvj0pIdblWNRQZD0hR6WHP+dHHgGSeVdMWzfng==",
            "peer": true,
            "requires": {
                "is-plain-object": "^5.0.0"
            }
        },
        "slate-react": {
            "version": "0.70.0",
            "resolved": "https://registry.npmjs.org/slate-react/-/slate-react-0.70.0.tgz",
            "integrity": "sha512-7txteUdJZL46R7jaPzXiv9vN9/8ATPQtwf7irRb6/BclPwJ5kmg9Q35Rn2ETlWJCRX84eVtLTPX8u7p5kKwHkA==",
            "peer": true,
            "requires": {
                "@types/is-hotkey": "^0.1.1",
                "@types/lodash": "^4.14.149",
                "direction": "^1.0.3",
                "is-hotkey": "^0.1.6",
                "is-plain-object": "^5.0.0",
                "lodash": "^4.17.4",
                "scroll-into-view-if-needed": "^2.2.20",
                "tiny-invariant": "1.0.6"
            }
        },
        "split-on-first": {
            "version": "1.1.0",
            "resolved": "https://registry.npmjs.org/split-on-first/-/split-on-first-1.1.0.tgz",
            "integrity": "sha512-43ZssAJaMusuKWL8sKUBQXHWOpq8d6CfN/u1p4gUzfJkM05C8rxTmYrkIPTXapZpORA6LkkzcUulJ8FqA7Uudw=="
        },
        "strict-uri-encode": {
            "version": "2.0.0",
            "resolved": "https://registry.npmjs.org/strict-uri-encode/-/strict-uri-encode-2.0.0.tgz",
            "integrity": "sha1-ucczDHBChi9rFC3CdLvMWGbONUY="
        },
        "tiny-invariant": {
            "version": "1.0.6",
            "resolved": "https://registry.npmjs.org/tiny-invariant/-/tiny-invariant-1.0.6.tgz",
            "integrity": "sha512-FOyLWWVjG+aC0UqG76V53yAWdXfH8bO6FNmyZOuUrzDzK8DI3/JRY25UD7+g49JWM1LXwymsKERB+DzI0dTEQA==",
            "peer": true
        },
        "tiny-warning": {
            "version": "1.0.3",
            "resolved": "https://registry.npmjs.org/tiny-warning/-/tiny-warning-1.0.3.tgz",
            "integrity": "sha512-lBN9zLN/oAf68o3zNXYrdCt1kP8WsiGW8Oo2ka41b2IM5JL/S1CTyX1rW0mb/zSuJun0ZUrDxx4sqvYS2FWzPA==",
            "peer": true
        },
        "typescript": {
            "version": "4.4.4",
            "resolved": "https://registry.npmjs.org/typescript/-/typescript-4.4.4.tgz",
            "integrity": "sha512-DqGhF5IKoBl8WNf8C1gu8q0xZSInh9j1kJJMqT3a94w1JzVaBU4EXOSMrz9yDqMT0xt3selp83fuFMQ0uzv6qA==",
            "dev": true
        },
        "uuid": {
            "version": "8.3.2",
            "resolved": "https://registry.npmjs.org/uuid/-/uuid-8.3.2.tgz",
            "integrity": "sha512-+NYs2QeMWy+GWFOEm9xnn6HCDp0l7QBD7ml8zLUmJ+93Q5NF0NocErnwkTkXVFNiX3/fpC6afS8Dhb/gz7R7eg=="
        }
    }
}
