{
    "name": "@prezly/slate-lists",
    "version": "0.1.8",
    "lockfileVersion": 1,
    "requires": true,
    "dependencies": {
        "@prezly/sdk": {
            "version": "2.15.0",
            "resolved": "https://registry.npmjs.org/@prezly/sdk/-/sdk-2.15.0.tgz",
            "integrity": "sha512-IBuHnQHgAMOPExrET4Dagmrqul4ZoGXtGaTxCAeOTb/sOguac0/9EBgZkbzCUYbG5uua0qVcJplgdc8sbkKxng==",
            "requires": {
                "@prezly/slate-types": "0.1.0-alpha.16",
                "query-string": "^6.9.0"
            },
            "dependencies": {
                "@prezly/slate-types": {
                    "version": "0.1.0-alpha.16",
                    "resolved": "https://registry.npmjs.org/@prezly/slate-types/-/slate-types-0.1.0-alpha.16.tgz",
                    "integrity": "sha512-mIJ+ZKJCz6NA7K4g5Zgfn9XDVeeU9vp4sb2wB4fGk2m9TEm13PInlo2f6F3qLpd0axGKD6oNgtxZPWq0SVvCJw==",
                    "requires": {
                        "@prezly/sdk": "^2.2.1"
                    }
                }
            }
        },
        "@prezly/slate-commons": {
            "version": "0.1.8",
            "resolved": "https://registry.npmjs.org/@prezly/slate-commons/-/slate-commons-0.1.8.tgz",
            "integrity": "sha512-G7Oi/lvWLRx8WWgd41ho5sL2JzkmqqxZB4GKjxLqHP5PxPyDD+6h+CcCkvOqTwwULMHLbyV/oRdAKDc1lYGbGw==",
            "requires": {
                "uuid": "^8.3.2"
            }
        },
        "@prezly/slate-hyperscript": {
            "version": "0.1.8",
            "resolved": "https://registry.npmjs.org/@prezly/slate-hyperscript/-/slate-hyperscript-0.1.8.tgz",
            "integrity": "sha512-VM53+8X6yERHonHd6vPH1v8t43HhkzZX4C7IyC9FcHGrLgEooIfHCFB/D/EC8xTx1RHrJZyn+GnsSR1tytqTYg==",
            "dev": true,
            "requires": {
                "is-plain-object": "^5.0.0"
            }
        },
        "@prezly/slate-types": {
            "version": "0.1.8",
            "resolved": "https://registry.npmjs.org/@prezly/slate-types/-/slate-types-0.1.8.tgz",
            "integrity": "sha512-KEbxNa33TD+EniIs0ZiRusO5PRwiUvo76iLH/BaOykAXZxssMup5rjW4/covGL6zJrKcFbB6+siuvvZxYU0nfw==",
            "requires": {
                "@prezly/sdk": "^2.9.3"
            }
        },
        "@types/uuid": {
            "version": "8.3.1",
            "resolved": "https://registry.npmjs.org/@types/uuid/-/uuid-8.3.1.tgz",
            "integrity": "sha512-Y2mHTRAbqfFkpjldbkHGY8JIzRN6XqYRliG8/24FcHm2D2PwW24fl5xMRTVGdrb7iMrwCaIEbLWerGIkXuFWVg==",
            "dev": true
        },
        "decode-uri-component": {
            "version": "0.2.0",
            "resolved": "https://registry.npmjs.org/decode-uri-component/-/decode-uri-component-0.2.0.tgz",
            "integrity": "sha1-6zkTMzRYd1y4TNGh+uBiEGu4dUU="
        },
        "filter-obj": {
            "version": "1.1.0",
            "resolved": "https://registry.npmjs.org/filter-obj/-/filter-obj-1.1.0.tgz",
            "integrity": "sha1-mzERErxsYSehbgFsbF1/GeCAXFs="
        },
        "is-plain-object": {
            "version": "5.0.0",
            "resolved": "https://registry.npmjs.org/is-plain-object/-/is-plain-object-5.0.0.tgz",
            "integrity": "sha512-VRSzKkbMm5jMDoKLbltAkFQ5Qr7VDiTFGXxYFXXowVj387GeGNOCsOH6Msy00SGZ3Fp84b1Naa1psqgcCIEP5Q==",
            "dev": true
        },
        "query-string": {
            "version": "6.14.1",
            "resolved": "https://registry.npmjs.org/query-string/-/query-string-6.14.1.tgz",
            "integrity": "sha512-XDxAeVmpfu1/6IjyT/gXHOl+S0vQ9owggJ30hhWKdHAsNPOcasn5o9BW0eejZqL2e4vMjhAxoW3jVHcD6mbcYw==",
            "requires": {
                "decode-uri-component": "^0.2.0",
                "filter-obj": "^1.1.0",
                "split-on-first": "^1.0.0",
                "strict-uri-encode": "^2.0.0"
            }
        },
        "split-on-first": {
            "version": "1.1.0",
            "resolved": "https://registry.npmjs.org/split-on-first/-/split-on-first-1.1.0.tgz",
            "integrity": "sha512-43ZssAJaMusuKWL8sKUBQXHWOpq8d6CfN/u1p4gUzfJkM05C8rxTmYrkIPTXapZpORA6LkkzcUulJ8FqA7Uudw=="
        },
        "strict-uri-encode": {
            "version": "2.0.0",
            "resolved": "https://registry.npmjs.org/strict-uri-encode/-/strict-uri-encode-2.0.0.tgz",
            "integrity": "sha1-ucczDHBChi9rFC3CdLvMWGbONUY="
        },
        "uuid": {
            "version": "8.3.2",
            "resolved": "https://registry.npmjs.org/uuid/-/uuid-8.3.2.tgz",
            "integrity": "sha512-+NYs2QeMWy+GWFOEm9xnn6HCDp0l7QBD7ml8zLUmJ+93Q5NF0NocErnwkTkXVFNiX3/fpC6afS8Dhb/gz7R7eg=="
        }
    }
}
