{
    "name": "@prezly/slate-types",
    "version": "0.3.0",
    "lockfileVersion": 1,
    "requires": true,
    "dependencies": {
        "@prezly/sdk": {
            "version": "3.1.1",
            "resolved": "https://registry.npmjs.org/@prezly/sdk/-/sdk-3.1.1.tgz",
            "integrity": "sha512-tXrIB21mQoG1FmrcUaYvu/2LxxSS+XBEMeHQhkFY7cRo5RMReQUo721bPKGXkw6NId7LES/DKwBrR8ZN8gq+NQ==",
            "requires": {
                "@prezly/slate-types": "0.1.0-alpha.16",
                "query-string": "^6.9.0"
            }
        },
        "@prezly/slate-types": {
            "version": "0.1.0-alpha.16",
            "resolved": "https://registry.npmjs.org/@prezly/slate-types/-/slate-types-0.1.0-alpha.16.tgz",
            "integrity": "sha512-mIJ+ZKJCz6NA7K4g5Zgfn9XDVeeU9vp4sb2wB4fGk2m9TEm13PInlo2f6F3qLpd0axGKD6oNgtxZPWq0SVvCJw==",
            "requires": {
                "@prezly/sdk": "^2.2.1"
            },
            "dependencies": {
                "@prezly/sdk": {
                    "version": "2.15.0",
                    "resolved": "https://registry.npmjs.org/@prezly/sdk/-/sdk-2.15.0.tgz",
                    "integrity": "sha512-IBuHnQHgAMOPExrET4Dagmrqul4ZoGXtGaTxCAeOTb/sOguac0/9EBgZkbzCUYbG5uua0qVcJplgdc8sbkKxng==",
                    "requires": {
                        "@prezly/slate-types": "0.1.0-alpha.16",
                        "query-string": "^6.9.0"
                    }
                }
            }
        },
        "decode-uri-component": {
            "version": "0.2.0",
            "resolved": "https://registry.npmjs.org/decode-uri-component/-/decode-uri-component-0.2.0.tgz",
            "integrity": "sha1-6zkTMzRYd1y4TNGh+uBiEGu4dUU="
        },
        "filter-obj": {
            "version": "1.1.0",
            "resolved": "https://registry.npmjs.org/filter-obj/-/filter-obj-1.1.0.tgz",
            "integrity": "sha1-mzERErxsYSehbgFsbF1/GeCAXFs="
        },
        "is-plain-object": {
            "version": "5.0.0",
            "resolved": "https://registry.npmjs.org/is-plain-object/-/is-plain-object-5.0.0.tgz",
            "integrity": "sha512-VRSzKkbMm5jMDoKLbltAkFQ5Qr7VDiTFGXxYFXXowVj387GeGNOCsOH6Msy00SGZ3Fp84b1Naa1psqgcCIEP5Q=="
        },
        "query-string": {
            "version": "6.14.1",
            "resolved": "https://registry.npmjs.org/query-string/-/query-string-6.14.1.tgz",
            "integrity": "sha512-XDxAeVmpfu1/6IjyT/gXHOl+S0vQ9owggJ30hhWKdHAsNPOcasn5o9BW0eejZqL2e4vMjhAxoW3jVHcD6mbcYw==",
            "requires": {
                "decode-uri-component": "^0.2.0",
                "filter-obj": "^1.1.0",
                "split-on-first": "^1.0.0",
                "strict-uri-encode": "^2.0.0"
            }
        },
        "split-on-first": {
            "version": "1.1.0",
            "resolved": "https://registry.npmjs.org/split-on-first/-/split-on-first-1.1.0.tgz",
            "integrity": "sha512-43ZssAJaMusuKWL8sKUBQXHWOpq8d6CfN/u1p4gUzfJkM05C8rxTmYrkIPTXapZpORA6LkkzcUulJ8FqA7Uudw=="
        },
        "strict-uri-encode": {
            "version": "2.0.0",
            "resolved": "https://registry.npmjs.org/strict-uri-encode/-/strict-uri-encode-2.0.0.tgz",
            "integrity": "sha1-ucczDHBChi9rFC3CdLvMWGbONUY="
        }
    }
}
