{
    "name": "@prezly/slate-types",
    "version": "0.4.1",
    "lockfileVersion": 1,
    "requires": true,
    "dependencies": {
        "@prezly/progress-promise": {
            "version": "1.0.0",
            "resolved": "https://registry.npmjs.org/@prezly/progress-promise/-/progress-promise-1.0.0.tgz",
            "integrity": "sha512-/+NeQ235i+AaVcWA/shVK8G5cGo/3xT8gQD4oS9lzokLfXrpV8l9Nr8HShroX4cyTmnwtWjIH5/p9IGHj4aUkQ==",
            "requires": {
                "lodash.clamp": "^4.0.3",
                "lodash.identity": "^3.0.0"
            }
        },
        "@prezly/sdk": {
            "version": "6.0.0",
            "resolved": "https://registry.npmjs.org/@prezly/sdk/-/sdk-6.0.0.tgz",
            "integrity": "sha512-49orO+thcmHY+yW/03RVkCnTzQaT6SJoz8JcRiGuktDFLkImaLfOZYQjqouBXyGS976+jpqle/pDkgro1wxRGQ==",
            "requires": {
                "@prezly/progress-promise": "^1.0.0",
                "query-string": "^6.9.0"
            }
        },
        "@prezly/uploads": {
            "version": "0.2.0",
            "resolved": "https://registry.npmjs.org/@prezly/uploads/-/uploads-0.2.0.tgz",
            "integrity": "sha512-PGST5MuTdgpWD5OMT9ZyRLXL7aOB7Gyu2Hoofzlm7g0p0p6M3K5PQqq8RJCsKil17tzViDUAq17rTMG4buU2nQ=="
        },
        "decode-uri-component": {
            "version": "0.2.0",
            "resolved": "https://registry.npmjs.org/decode-uri-component/-/decode-uri-component-0.2.0.tgz",
            "integrity": "sha1-6zkTMzRYd1y4TNGh+uBiEGu4dUU="
        },
        "filter-obj": {
            "version": "1.1.0",
            "resolved": "https://registry.npmjs.org/filter-obj/-/filter-obj-1.1.0.tgz",
            "integrity": "sha1-mzERErxsYSehbgFsbF1/GeCAXFs="
        },
        "is-plain-object": {
            "version": "5.0.0",
            "resolved": "https://registry.npmjs.org/is-plain-object/-/is-plain-object-5.0.0.tgz",
            "integrity": "sha512-VRSzKkbMm5jMDoKLbltAkFQ5Qr7VDiTFGXxYFXXowVj387GeGNOCsOH6Msy00SGZ3Fp84b1Naa1psqgcCIEP5Q=="
        },
        "lodash.clamp": {
            "version": "4.0.3",
            "resolved": "https://registry.npmjs.org/lodash.clamp/-/lodash.clamp-4.0.3.tgz",
            "integrity": "sha1-XCS+3u7vB1NWDcK0y0Zx+Qpt36o="
        },
        "lodash.identity": {
            "version": "3.0.0",
            "resolved": "https://registry.npmjs.org/lodash.identity/-/lodash.identity-3.0.0.tgz",
            "integrity": "sha1-rXvGpOZH15yXLhuA/u968VYmeHY="
        },
        "query-string": {
            "version": "6.14.1",
            "resolved": "https://registry.npmjs.org/query-string/-/query-string-6.14.1.tgz",
            "integrity": "sha512-XDxAeVmpfu1/6IjyT/gXHOl+S0vQ9owggJ30hhWKdHAsNPOcasn5o9BW0eejZqL2e4vMjhAxoW3jVHcD6mbcYw==",
            "requires": {
                "decode-uri-component": "^0.2.0",
                "filter-obj": "^1.1.0",
                "split-on-first": "^1.0.0",
                "strict-uri-encode": "^2.0.0"
            }
        },
        "split-on-first": {
            "version": "1.1.0",
            "resolved": "https://registry.npmjs.org/split-on-first/-/split-on-first-1.1.0.tgz",
            "integrity": "sha512-43ZssAJaMusuKWL8sKUBQXHWOpq8d6CfN/u1p4gUzfJkM05C8rxTmYrkIPTXapZpORA6LkkzcUulJ8FqA7Uudw=="
        },
        "strict-uri-encode": {
            "version": "2.0.0",
            "resolved": "https://registry.npmjs.org/strict-uri-encode/-/strict-uri-encode-2.0.0.tgz",
            "integrity": "sha1-ucczDHBChi9rFC3CdLvMWGbONUY="
        },
        "typescript": {
            "version": "4.4.4",
            "resolved": "https://registry.npmjs.org/typescript/-/typescript-4.4.4.tgz",
            "integrity": "sha512-DqGhF5IKoBl8WNf8C1gu8q0xZSInh9j1kJJMqT3a94w1JzVaBU4EXOSMrz9yDqMT0xt3selp83fuFMQ0uzv6qA==",
            "dev": true
        }
    }
}
